// !$*UTF8*$!
{
	archiveVersion = 1;
	classes = {
	};
	objectVersion = 55;
	objects = {

/* Begin PBXBuildFile section */
		1523CE0D27833E7C00EC4260 /* EssentialFeedApp.swift in Sources */ = {isa = PBXBuildFile; fileRef = 1523CE0C27833E7C00EC4260 /* EssentialFeedApp.swift */; };
		1523CE0F27833E7C00EC4260 /* ContentView.swift in Sources */ = {isa = PBXBuildFile; fileRef = 1523CE0E27833E7C00EC4260 /* ContentView.swift */; };
		1523CE1127833E7E00EC4260 /* Assets.xcassets in Resources */ = {isa = PBXBuildFile; fileRef = 1523CE1027833E7E00EC4260 /* Assets.xcassets */; };
		1523CE1427833E7E00EC4260 /* Preview Assets.xcassets in Resources */ = {isa = PBXBuildFile; fileRef = 1523CE1327833E7E00EC4260 /* Preview Assets.xcassets */; };
		1523CE1F27833E7E00EC4260 /* EssentialFeedTests.swift in Sources */ = {isa = PBXBuildFile; fileRef = 1523CE1E27833E7E00EC4260 /* EssentialFeedTests.swift */; };
		1523CE2927833E7E00EC4260 /* EssentialFeedUITests.swift in Sources */ = {isa = PBXBuildFile; fileRef = 1523CE2827833E7E00EC4260 /* EssentialFeedUITests.swift */; };
		1523CE2B27833E7E00EC4260 /* EssentialFeedUITestsLaunchTests.swift in Sources */ = {isa = PBXBuildFile; fileRef = 1523CE2A27833E7E00EC4260 /* EssentialFeedUITestsLaunchTests.swift */; };
		1523CE3827834A1E00EC4260 /* FeedLoaderProtocol.swift in Sources */ = {isa = PBXBuildFile; fileRef = 1523CE3727834A1E00EC4260 /* FeedLoaderProtocol.swift */; };
		1523CE3A27834B6400EC4260 /* FeedItem.swift in Sources */ = {isa = PBXBuildFile; fileRef = 1523CE3927834B6400EC4260 /* FeedItem.swift */; };
/* End PBXBuildFile section */

/* Begin PBXContainerItemProxy section */
		1523CE1B27833E7E00EC4260 /* PBXContainerItemProxy */ = {
			isa = PBXContainerItemProxy;
			containerPortal = 1523CE0127833E7C00EC4260 /* Project object */;
			proxyType = 1;
			remoteGlobalIDString = 1523CE0827833E7C00EC4260;
			remoteInfo = EssentialFeed;
		};
		1523CE2527833E7E00EC4260 /* PBXContainerItemProxy */ = {
			isa = PBXContainerItemProxy;
			containerPortal = 1523CE0127833E7C00EC4260 /* Project object */;
			proxyType = 1;
			remoteGlobalIDString = 1523CE0827833E7C00EC4260;
			remoteInfo = EssentialFeed;
		};
/* End PBXContainerItemProxy section */

/* Begin PBXFileReference section */
		1523CE0927833E7C00EC4260 /* EssentialFeed.app */ = {isa = PBXFileReference; explicitFileType = wrapper.application; includeInIndex = 0; path = EssentialFeed.app; sourceTree = BUILT_PRODUCTS_DIR; };
		1523CE0C27833E7C00EC4260 /* EssentialFeedApp.swift */ = {isa = PBXFileReference; lastKnownFileType = sourcecode.swift; path = EssentialFeedApp.swift; sourceTree = "<group>"; };
		1523CE0E27833E7C00EC4260 /* ContentView.swift */ = {isa = PBXFileReference; lastKnownFileType = sourcecode.swift; path = ContentView.swift; sourceTree = "<group>"; };
		1523CE1027833E7E00EC4260 /* Assets.xcassets */ = {isa = PBXFileReference; lastKnownFileType = folder.assetcatalog; path = Assets.xcassets; sourceTree = "<group>"; };
		1523CE1327833E7E00EC4260 /* Preview Assets.xcassets */ = {isa = PBXFileReference; lastKnownFileType = folder.assetcatalog; path = "Preview Assets.xcassets"; sourceTree = "<group>"; };
		1523CE1527833E7E00EC4260 /* EssentialFeed.entitlements */ = {isa = PBXFileReference; lastKnownFileType = text.plist.entitlements; path = EssentialFeed.entitlements; sourceTree = "<group>"; };
		1523CE1A27833E7E00EC4260 /* EssentialFeedTests.xctest */ = {isa = PBXFileReference; explicitFileType = wrapper.cfbundle; includeInIndex = 0; path = EssentialFeedTests.xctest; sourceTree = BUILT_PRODUCTS_DIR; };
		1523CE1E27833E7E00EC4260 /* EssentialFeedTests.swift */ = {isa = PBXFileReference; lastKnownFileType = sourcecode.swift; path = EssentialFeedTests.swift; sourceTree = "<group>"; };
		1523CE2427833E7E00EC4260 /* EssentialFeedUITests.xctest */ = {isa = PBXFileReference; explicitFileType = wrapper.cfbundle; includeInIndex = 0; path = EssentialFeedUITests.xctest; sourceTree = BUILT_PRODUCTS_DIR; };
		1523CE2827833E7E00EC4260 /* EssentialFeedUITests.swift */ = {isa = PBXFileReference; lastKnownFileType = sourcecode.swift; path = EssentialFeedUITests.swift; sourceTree = "<group>"; };
		1523CE2A27833E7E00EC4260 /* EssentialFeedUITestsLaunchTests.swift */ = {isa = PBXFileReference; lastKnownFileType = sourcecode.swift; path = EssentialFeedUITestsLaunchTests.swift; sourceTree = "<group>"; };
		1523CE3727834A1E00EC4260 /* FeedLoaderProtocol.swift */ = {isa = PBXFileReference; lastKnownFileType = sourcecode.swift; path = FeedLoaderProtocol.swift; sourceTree = "<group>"; };
		1523CE3927834B6400EC4260 /* FeedItem.swift */ = {isa = PBXFileReference; lastKnownFileType = sourcecode.swift; path = FeedItem.swift; sourceTree = "<group>"; };
/* End PBXFileReference section */

/* Begin PBXFrameworksBuildPhase section */
		1523CE0627833E7C00EC4260 /* Frameworks */ = {
			isa = PBXFrameworksBuildPhase;
			buildActionMask = 2147483647;
			files = (
			);
			runOnlyForDeploymentPostprocessing = 0;
		};
		1523CE1727833E7E00EC4260 /* Frameworks */ = {
			isa = PBXFrameworksBuildPhase;
			buildActionMask = 2147483647;
			files = (
			);
			runOnlyForDeploymentPostprocessing = 0;
		};
		1523CE2127833E7E00EC4260 /* Frameworks */ = {
			isa = PBXFrameworksBuildPhase;
			buildActionMask = 2147483647;
			files = (
			);
			runOnlyForDeploymentPostprocessing = 0;
		};
/* End PBXFrameworksBuildPhase section */

/* Begin PBXGroup section */
		1523CE0027833E7C00EC4260 = {
			isa = PBXGroup;
			children = (
				1523CE0B27833E7C00EC4260 /* EssentialFeed */,
				1523CE1D27833E7E00EC4260 /* EssentialFeedTests */,
				1523CE2727833E7E00EC4260 /* EssentialFeedUITests */,
				1523CE0A27833E7C00EC4260 /* Products */,
			);
			sourceTree = "<group>";
		};
		1523CE0A27833E7C00EC4260 /* Products */ = {
			isa = PBXGroup;
			children = (
				1523CE0927833E7C00EC4260 /* EssentialFeed.app */,
				1523CE1A27833E7E00EC4260 /* EssentialFeedTests.xctest */,
				1523CE2427833E7E00EC4260 /* EssentialFeedUITests.xctest */,
			);
			name = Products;
			sourceTree = "<group>";
		};
		1523CE0B27833E7C00EC4260 /* EssentialFeed */ = {
			isa = PBXGroup;
			children = (
				1523CE3B27834B6C00EC4260 /* FeedFeature */,
				1523CE0C27833E7C00EC4260 /* EssentialFeedApp.swift */,
				1523CE0E27833E7C00EC4260 /* ContentView.swift */,
				1523CE1027833E7E00EC4260 /* Assets.xcassets */,
				1523CE1527833E7E00EC4260 /* EssentialFeed.entitlements */,
				1523CE1227833E7E00EC4260 /* Preview Content */,
			);
			path = EssentialFeed;
			sourceTree = "<group>";
		};
		1523CE1227833E7E00EC4260 /* Preview Content */ = {
			isa = PBXGroup;
			children = (
				1523CE1327833E7E00EC4260 /* Preview Assets.xcassets */,
			);
			path = "Preview Content";
			sourceTree = "<group>";
		};
		1523CE1D27833E7E00EC4260 /* EssentialFeedTests */ = {
			isa = PBXGroup;
			children = (
				1523CE1E27833E7E00EC4260 /* EssentialFeedTests.swift */,
			);
			path = EssentialFeedTests;
			sourceTree = "<group>";
		};
		1523CE2727833E7E00EC4260 /* EssentialFeedUITests */ = {
			isa = PBXGroup;
			children = (
				1523CE2827833E7E00EC4260 /* EssentialFeedUITests.swift */,
				1523CE2A27833E7E00EC4260 /* EssentialFeedUITestsLaunchTests.swift */,
			);
			path = EssentialFeedUITests;
			sourceTree = "<group>";
		};
		1523CE3B27834B6C00EC4260 /* FeedFeature */ = {
			isa = PBXGroup;
			children = (
				1523CE3727834A1E00EC4260 /* FeedLoaderProtocol.swift */,
				1523CE3927834B6400EC4260 /* FeedItem.swift */,
			);
			name = FeedFeature;
			sourceTree = "<group>";
		};
/* End PBXGroup section */

/* Begin PBXNativeTarget section */
		1523CE0827833E7C00EC4260 /* EssentialFeed */ = {
			isa = PBXNativeTarget;
			buildConfigurationList = 1523CE2E27833E7E00EC4260 /* Build configuration list for PBXNativeTarget "EssentialFeed" */;
			buildPhases = (
				1523CE0527833E7C00EC4260 /* Sources */,
				1523CE0627833E7C00EC4260 /* Frameworks */,
				1523CE0727833E7C00EC4260 /* Resources */,
			);
			buildRules = (
			);
			dependencies = (
			);
			name = EssentialFeed;
			productName = EssentialFeed;
			productReference = 1523CE0927833E7C00EC4260 /* EssentialFeed.app */;
			productType = "com.apple.product-type.application";
		};
		1523CE1927833E7E00EC4260 /* EssentialFeedTests */ = {
			isa = PBXNativeTarget;
			buildConfigurationList = 1523CE3127833E7E00EC4260 /* Build configuration list for PBXNativeTarget "EssentialFeedTests" */;
			buildPhases = (
				1523CE1627833E7E00EC4260 /* Sources */,
				1523CE1727833E7E00EC4260 /* Frameworks */,
				1523CE1827833E7E00EC4260 /* Resources */,
			);
			buildRules = (
			);
			dependencies = (
				1523CE1C27833E7E00EC4260 /* PBXTargetDependency */,
			);
			name = EssentialFeedTests;
			productName = EssentialFeedTests;
			productReference = 1523CE1A27833E7E00EC4260 /* EssentialFeedTests.xctest */;
			productType = "com.apple.product-type.bundle.unit-test";
		};
		1523CE2327833E7E00EC4260 /* EssentialFeedUITests */ = {
			isa = PBXNativeTarget;
			buildConfigurationList = 1523CE3427833E7E00EC4260 /* Build configuration list for PBXNativeTarget "EssentialFeedUITests" */;
			buildPhases = (
				1523CE2027833E7E00EC4260 /* Sources */,
				1523CE2127833E7E00EC4260 /* Frameworks */,
				1523CE2227833E7E00EC4260 /* Resources */,
			);
			buildRules = (
			);
			dependencies = (
				1523CE2627833E7E00EC4260 /* PBXTargetDependency */,
			);
			name = EssentialFeedUITests;
			productName = EssentialFeedUITests;
			productReference = 1523CE2427833E7E00EC4260 /* EssentialFeedUITests.xctest */;
			productType = "com.apple.product-type.bundle.ui-testing";
		};
/* End PBXNativeTarget section */

/* Begin PBXProject section */
		1523CE0127833E7C00EC4260 /* Project object */ = {
			isa = PBXProject;
			attributes = {
				BuildIndependentTargetsInParallel = 1;
				LastSwiftUpdateCheck = 1310;
				LastUpgradeCheck = 1310;
				TargetAttributes = {
					1523CE0827833E7C00EC4260 = {
						CreatedOnToolsVersion = 13.1;
					};
					1523CE1927833E7E00EC4260 = {
						CreatedOnToolsVersion = 13.1;
						TestTargetID = 1523CE0827833E7C00EC4260;
					};
					1523CE2327833E7E00EC4260 = {
						CreatedOnToolsVersion = 13.1;
						TestTargetID = 1523CE0827833E7C00EC4260;
					};
				};
			};
			buildConfigurationList = 1523CE0427833E7C00EC4260 /* Build configuration list for PBXProject "EssentialFeed" */;
			compatibilityVersion = "Xcode 13.0";
			developmentRegion = en;
			hasScannedForEncodings = 0;
			knownRegions = (
				en,
				Base,
			);
			mainGroup = 1523CE0027833E7C00EC4260;
			productRefGroup = 1523CE0A27833E7C00EC4260 /* Products */;
			projectDirPath = "";
			projectRoot = "";
			targets = (
				1523CE0827833E7C00EC4260 /* EssentialFeed */,
				1523CE1927833E7E00EC4260 /* EssentialFeedTests */,
				1523CE2327833E7E00EC4260 /* EssentialFeedUITests */,
			);
		};
/* End PBXProject section */

/* Begin PBXResourcesBuildPhase section */
		1523CE0727833E7C00EC4260 /* Resources */ = {
			isa = PBXResourcesBuildPhase;
			buildActionMask = 2147483647;
			files = (
				1523CE1427833E7E00EC4260 /* Preview Assets.xcassets in Resources */,
				1523CE1127833E7E00EC4260 /* Assets.xcassets in Resources */,
			);
			runOnlyForDeploymentPostprocessing = 0;
		};
		1523CE1827833E7E00EC4260 /* Resources */ = {
			isa = PBXResourcesBuildPhase;
			buildActionMask = 2147483647;
			files = (
			);
			runOnlyForDeploymentPostprocessing = 0;
		};
		1523CE2227833E7E00EC4260 /* Resources */ = {
			isa = PBXResourcesBuildPhase;
			buildActionMask = 2147483647;
			files = (
			);
			runOnlyForDeploymentPostprocessing = 0;
		};
/* End PBXResourcesBuildPhase section */

/* Begin PBXSourcesBuildPhase section */
		1523CE0527833E7C00EC4260 /* Sources */ = {
			isa = PBXSourcesBuildPhase;
			buildActionMask = 2147483647;
			files = (
				1523CE3A27834B6400EC4260 /* FeedItem.swift in Sources */,
				1523CE0F27833E7C00EC4260 /* ContentView.swift in Sources */,
				1523CE3827834A1E00EC4260 /* FeedLoaderProtocol.swift in Sources */,
				1523CE0D27833E7C00EC4260 /* EssentialFeedApp.swift in Sources */,
			);
			runOnlyForDeploymentPostprocessing = 0;
		};
		1523CE1627833E7E00EC4260 /* Sources */ = {
			isa = PBXSourcesBuildPhase;
			buildActionMask = 2147483647;
			files = (
				1523CE1F27833E7E00EC4260 /* EssentialFeedTests.swift in Sources */,
			);
			runOnlyForDeploymentPostprocessing = 0;
		};
		1523CE2027833E7E00EC4260 /* Sources */ = {
			isa = PBXSourcesBuildPhase;
			buildActionMask = 2147483647;
			files = (
				1523CE2927833E7E00EC4260 /* EssentialFeedUITests.swift in Sources */,
				1523CE2B27833E7E00EC4260 /* EssentialFeedUITestsLaunchTests.swift in Sources */,
			);
			runOnlyForDeploymentPostprocessing = 0;
		};
/* End PBXSourcesBuildPhase section */

/* Begin PBXTargetDependency section */
		1523CE1C27833E7E00EC4260 /* PBXTargetDependency */ = {
			isa = PBXTargetDependency;
			target = 1523CE0827833E7C00EC4260 /* EssentialFeed */;
			targetProxy = 1523CE1B27833E7E00EC4260 /* PBXContainerItemProxy */;
		};
		1523CE2627833E7E00EC4260 /* PBXTargetDependency */ = {
			isa = PBXTargetDependency;
			target = 1523CE0827833E7C00EC4260 /* EssentialFeed */;
			targetProxy = 1523CE2527833E7E00EC4260 /* PBXContainerItemProxy */;
		};
/* End PBXTargetDependency section */

/* Begin XCBuildConfiguration section */
		1523CE2C27833E7E00EC4260 /* Debug */ = {
			isa = XCBuildConfiguration;
			buildSettings = {
				ALWAYS_SEARCH_USER_PATHS = NO;
				CLANG_ANALYZER_NONNULL = YES;
				CLANG_ANALYZER_NUMBER_OBJECT_CONVERSION = YES_AGGRESSIVE;
				CLANG_CXX_LANGUAGE_STANDARD = "gnu++17";
				CLANG_CXX_LIBRARY = "libc++";
				CLANG_ENABLE_MODULES = YES;
				CLANG_ENABLE_OBJC_ARC = YES;
				CLANG_ENABLE_OBJC_WEAK = YES;
				CLANG_WARN_BLOCK_CAPTURE_AUTORELEASING = YES;
				CLANG_WARN_BOOL_CONVERSION = YES;
				CLANG_WARN_COMMA = YES;
				CLANG_WARN_CONSTANT_CONVERSION = YES;
				CLANG_WARN_DEPRECATED_OBJC_IMPLEMENTATIONS = YES;
				CLANG_WARN_DIRECT_OBJC_ISA_USAGE = YES_ERROR;
				CLANG_WARN_DOCUMENTATION_COMMENTS = YES;
				CLANG_WARN_EMPTY_BODY = YES;
				CLANG_WARN_ENUM_CONVERSION = YES;
				CLANG_WARN_INFINITE_RECURSION = YES;
				CLANG_WARN_INT_CONVERSION = YES;
				CLANG_WARN_NON_LITERAL_NULL_CONVERSION = YES;
				CLANG_WARN_OBJC_IMPLICIT_RETAIN_SELF = YES;
				CLANG_WARN_OBJC_LITERAL_CONVERSION = YES;
				CLANG_WARN_OBJC_ROOT_CLASS = YES_ERROR;
				CLANG_WARN_QUOTED_INCLUDE_IN_FRAMEWORK_HEADER = YES;
				CLANG_WARN_RANGE_LOOP_ANALYSIS = YES;
				CLANG_WARN_STRICT_PROTOTYPES = YES;
				CLANG_WARN_SUSPICIOUS_MOVE = YES;
				CLANG_WARN_UNGUARDED_AVAILABILITY = YES_AGGRESSIVE;
				CLANG_WARN_UNREACHABLE_CODE = YES;
				CLANG_WARN__DUPLICATE_METHOD_MATCH = YES;
				COPY_PHASE_STRIP = NO;
				DEBUG_INFORMATION_FORMAT = dwarf;
				ENABLE_STRICT_OBJC_MSGSEND = YES;
				ENABLE_TESTABILITY = YES;
				GCC_C_LANGUAGE_STANDARD = gnu11;
				GCC_DYNAMIC_NO_PIC = NO;
				GCC_NO_COMMON_BLOCKS = YES;
				GCC_OPTIMIZATION_LEVEL = 0;
				GCC_PREPROCESSOR_DEFINITIONS = (
					"DEBUG=1",
					"$(inherited)",
				);
				GCC_WARN_64_TO_32_BIT_CONVERSION = YES;
				GCC_WARN_ABOUT_RETURN_TYPE = YES_ERROR;
				GCC_WARN_UNDECLARED_SELECTOR = YES;
				GCC_WARN_UNINITIALIZED_AUTOS = YES_AGGRESSIVE;
				GCC_WARN_UNUSED_FUNCTION = YES;
				GCC_WARN_UNUSED_VARIABLE = YES;
				MACOSX_DEPLOYMENT_TARGET = 11.6;
				MTL_ENABLE_DEBUG_INFO = INCLUDE_SOURCE;
				MTL_FAST_MATH = YES;
				ONLY_ACTIVE_ARCH = YES;
				SDKROOT = macosx;
				SWIFT_ACTIVE_COMPILATION_CONDITIONS = DEBUG;
				SWIFT_OPTIMIZATION_LEVEL = "-Onone";
			};
			name = Debug;
		};
		1523CE2D27833E7E00EC4260 /* Release */ = {
			isa = XCBuildConfiguration;
			buildSettings = {
				ALWAYS_SEARCH_USER_PATHS = NO;
				CLANG_ANALYZER_NONNULL = YES;
				CLANG_ANALYZER_NUMBER_OBJECT_CONVERSION = YES_AGGRESSIVE;
				CLANG_CXX_LANGUAGE_STANDARD = "gnu++17";
				CLANG_CXX_LIBRARY = "libc++";
				CLANG_ENABLE_MODULES = YES;
				CLANG_ENABLE_OBJC_ARC = YES;
				CLANG_ENABLE_OBJC_WEAK = YES;
				CLANG_WARN_BLOCK_CAPTURE_AUTORELEASING = YES;
				CLANG_WARN_BOOL_CONVERSION = YES;
				CLANG_WARN_COMMA = YES;
				CLANG_WARN_CONSTANT_CONVERSION = YES;
				CLANG_WARN_DEPRECATED_OBJC_IMPLEMENTATIONS = YES;
				CLANG_WARN_DIRECT_OBJC_ISA_USAGE = YES_ERROR;
				CLANG_WARN_DOCUMENTATION_COMMENTS = YES;
				CLANG_WARN_EMPTY_BODY = YES;
				CLANG_WARN_ENUM_CONVERSION = YES;
				CLANG_WARN_INFINITE_RECURSION = YES;
				CLANG_WARN_INT_CONVERSION = YES;
				CLANG_WARN_NON_LITERAL_NULL_CONVERSION = YES;
				CLANG_WARN_OBJC_IMPLICIT_RETAIN_SELF = YES;
				CLANG_WARN_OBJC_LITERAL_CONVERSION = YES;
				CLANG_WARN_OBJC_ROOT_CLASS = YES_ERROR;
				CLANG_WARN_QUOTED_INCLUDE_IN_FRAMEWORK_HEADER = YES;
				CLANG_WARN_RANGE_LOOP_ANALYSIS = YES;
				CLANG_WARN_STRICT_PROTOTYPES = YES;
				CLANG_WARN_SUSPICIOUS_MOVE = YES;
				CLANG_WARN_UNGUARDED_AVAILABILITY = YES_AGGRESSIVE;
				CLANG_WARN_UNREACHABLE_CODE = YES;
				CLANG_WARN__DUPLICATE_METHOD_MATCH = YES;
				COPY_PHASE_STRIP = NO;
				DEBUG_INFORMATION_FORMAT = "dwarf-with-dsym";
				ENABLE_NS_ASSERTIONS = NO;
				ENABLE_STRICT_OBJC_MSGSEND = YES;
				GCC_C_LANGUAGE_STANDARD = gnu11;
				GCC_NO_COMMON_BLOCKS = YES;
				GCC_WARN_64_TO_32_BIT_CONVERSION = YES;
				GCC_WARN_ABOUT_RETURN_TYPE = YES_ERROR;
				GCC_WARN_UNDECLARED_SELECTOR = YES;
				GCC_WARN_UNINITIALIZED_AUTOS = YES_AGGRESSIVE;
				GCC_WARN_UNUSED_FUNCTION = YES;
				GCC_WARN_UNUSED_VARIABLE = YES;
				MACOSX_DEPLOYMENT_TARGET = 11.6;
				MTL_ENABLE_DEBUG_INFO = NO;
				MTL_FAST_MATH = YES;
				SDKROOT = macosx;
				SWIFT_COMPILATION_MODE = wholemodule;
				SWIFT_OPTIMIZATION_LEVEL = "-O";
			};
			name = Release;
		};
		1523CE2F27833E7E00EC4260 /* Debug */ = {
			isa = XCBuildConfiguration;
			buildSettings = {
				ASSETCATALOG_COMPILER_APPICON_NAME = AppIcon;
				ASSETCATALOG_COMPILER_GLOBAL_ACCENT_COLOR_NAME = AccentColor;
				CODE_SIGN_ENTITLEMENTS = EssentialFeed/EssentialFeed.entitlements;
				CODE_SIGN_STYLE = Automatic;
				COMBINE_HIDPI_IMAGES = YES;
				CURRENT_PROJECT_VERSION = 1;
				DEVELOPMENT_ASSET_PATHS = "\"EssentialFeed/Preview Content\"";
				ENABLE_PREVIEWS = YES;
				GENERATE_INFOPLIST_FILE = YES;
				INFOPLIST_KEY_NSHumanReadableCopyright = "";
				LD_RUNPATH_SEARCH_PATHS = (
					"$(inherited)",
					"@executable_path/../Frameworks",
				);
				MARKETING_VERSION = 1.0;
				PRODUCT_BUNDLE_IDENTIFIER = com.TestUI.EssentialFeed;
				PRODUCT_NAME = "$(TARGET_NAME)";
				SWIFT_EMIT_LOC_STRINGS = YES;
				SWIFT_VERSION = 5.0;
			};
			name = Debug;
		};
		1523CE3027833E7E00EC4260 /* Release */ = {
			isa = XCBuildConfiguration;
			buildSettings = {
				ASSETCATALOG_COMPILER_APPICON_NAME = AppIcon;
				ASSETCATALOG_COMPILER_GLOBAL_ACCENT_COLOR_NAME = AccentColor;
				CODE_SIGN_ENTITLEMENTS = EssentialFeed/EssentialFeed.entitlements;
				CODE_SIGN_STYLE = Automatic;
				COMBINE_HIDPI_IMAGES = YES;
				CURRENT_PROJECT_VERSION = 1;
				DEVELOPMENT_ASSET_PATHS = "\"EssentialFeed/Preview Content\"";
				ENABLE_PREVIEWS = YES;
				GENERATE_INFOPLIST_FILE = YES;
				INFOPLIST_KEY_NSHumanReadableCopyright = "";
				LD_RUNPATH_SEARCH_PATHS = (
					"$(inherited)",
					"@executable_path/../Frameworks",
				);
				MARKETING_VERSION = 1.0;
				PRODUCT_BUNDLE_IDENTIFIER = com.TestUI.EssentialFeed;
				PRODUCT_NAME = "$(TARGET_NAME)";
				SWIFT_EMIT_LOC_STRINGS = YES;
				SWIFT_VERSION = 5.0;
			};
			name = Release;
		};
		1523CE3227833E7E00EC4260 /* Debug */ = {
			isa = XCBuildConfiguration;
			buildSettings = {
				ALWAYS_EMBED_SWIFT_STANDARD_LIBRARIES = YES;
				BUNDLE_LOADER = "$(TEST_HOST)";
				CODE_SIGN_STYLE = Automatic;
				COMBINE_HIDPI_IMAGES = YES;
				CURRENT_PROJECT_VERSION = 1;
				GENERATE_INFOPLIST_FILE = YES;
				LD_RUNPATH_SEARCH_PATHS = (
					"$(inherited)",
					"@executable_path/../Frameworks",
					"@loader_path/../Frameworks",
				);
				MACOSX_DEPLOYMENT_TARGET = 11.6;
				MARKETING_VERSION = 1.0;
				PRODUCT_BUNDLE_IDENTIFIER = com.TestUI.EssentialFeedTests;
				PRODUCT_NAME = "$(TARGET_NAME)";
				SWIFT_EMIT_LOC_STRINGS = NO;
				SWIFT_VERSION = 5.0;
				TEST_HOST = "$(BUILT_PRODUCTS_DIR)/EssentialFeed.app/Contents/MacOS/EssentialFeed";
			};
			name = Debug;
		};
		1523CE3327833E7E00EC4260 /* Release */ = {
			isa = XCBuildConfiguration;
			buildSettings = {
				ALWAYS_EMBED_SWIFT_STANDARD_LIBRARIES = YES;
				BUNDLE_LOADER = "$(TEST_HOST)";
				CODE_SIGN_STYLE = Automatic;
				COMBINE_HIDPI_IMAGES = YES;
				CURRENT_PROJECT_VERSION = 1;
				GENERATE_INFOPLIST_FILE = YES;
				LD_RUNPATH_SEARCH_PATHS = (
					"$(inherited)",
					"@executable_path/../Frameworks",
					"@loader_path/../Frameworks",
				);
				MACOSX_DEPLOYMENT_TARGET = 11.6;
				MARKETING_VERSION = 1.0;
				PRODUCT_BUNDLE_IDENTIFIER = com.TestUI.EssentialFeedTests;
				PRODUCT_NAME = "$(TARGET_NAME)";
				SWIFT_EMIT_LOC_STRINGS = NO;
				SWIFT_VERSION = 5.0;
				TEST_HOST = "$(BUILT_PRODUCTS_DIR)/EssentialFeed.app/Contents/MacOS/EssentialFeed";
			};
			name = Release;
		};
		1523CE3527833E7E00EC4260 /* Debug */ = {
			isa = XCBuildConfiguration;
			buildSettings = {
				ALWAYS_EMBED_SWIFT_STANDARD_LIBRARIES = YES;
				CODE_SIGN_STYLE = Automatic;
				COMBINE_HIDPI_IMAGES = YES;
				CURRENT_PROJECT_VERSION = 1;
				GENERATE_INFOPLIST_FILE = YES;
				LD_RUNPATH_SEARCH_PATHS = (
					"$(inherited)",
					"@executable_path/../Frameworks",
					"@loader_path/../Frameworks",
				);
				MARKETING_VERSION = 1.0;
				PRODUCT_BUNDLE_IDENTIFIER = com.TestUI.EssentialFeedUITests;
				PRODUCT_NAME = "$(TARGET_NAME)";
				SWIFT_EMIT_LOC_STRINGS = NO;
				SWIFT_VERSION = 5.0;
				TEST_TARGET_NAME = EssentialFeed;
			};
			name = Debug;
		};
		1523CE3627833E7E00EC4260 /* Release */ = {
			isa = XCBuildConfiguration;
			buildSettings = {
				ALWAYS_EMBED_SWIFT_STANDARD_LIBRARIES = YES;
				CODE_SIGN_STYLE = Automatic;
				COMBINE_HIDPI_IMAGES = YES;
				CURRENT_PROJECT_VERSION = 1;
				GENERATE_INFOPLIST_FILE = YES;
				LD_RUNPATH_SEARCH_PATHS = (
					"$(inherited)",
					"@executable_path/../Frameworks",
					"@loader_path/../Frameworks",
				);
				MARKETING_VERSION = 1.0;
				PRODUCT_BUNDLE_IDENTIFIER = com.TestUI.EssentialFeedUITests;
				PRODUCT_NAME = "$(TARGET_NAME)";
				SWIFT_EMIT_LOC_STRINGS = NO;
				SWIFT_VERSION = 5.0;
				TEST_TARGET_NAME = EssentialFeed;
			};
			name = Release;
		};
/* End XCBuildConfiguration section */

/* Begin XCConfigurationList section */
		1523CE0427833E7C00EC4260 /* Build configuration list for PBXProject "EssentialFeed" */ = {
			isa = XCConfigurationList;
			buildConfigurations = (
				1523CE2C27833E7E00EC4260 /* Debug */,
				1523CE2D27833E7E00EC4260 /* Release */,
			);
			defaultConfigurationIsVisible = 0;
			defaultConfigurationName = Release;
		};
		1523CE2E27833E7E00EC4260 /* Build configuration list for PBXNativeTarget "EssentialFeed" */ = {
			isa = XCConfigurationList;
			buildConfigurations = (
				1523CE2F27833E7E00EC4260 /* Debug */,
				1523CE3027833E7E00EC4260 /* Release */,
			);
			defaultConfigurationIsVisible = 0;
			defaultConfigurationName = Release;
		};
		1523CE3127833E7E00EC4260 /* Build configuration list for PBXNativeTarget "EssentialFeedTests" */ = {
			isa = XCConfigurationList;
			buildConfigurations = (
				1523CE3227833E7E00EC4260 /* Debug */,
				1523CE3327833E7E00EC4260 /* Release */,
			);
			defaultConfigurationIsVisible = 0;
			defaultConfigurationName = Release;
		};
		1523CE3427833E7E00EC4260 /* Build configuration list for PBXNativeTarget "EssentialFeedUITests" */ = {
			isa = XCConfigurationList;
			buildConfigurations = (
				1523CE3527833E7E00EC4260 /* Debug */,
				1523CE3627833E7E00EC4260 /* Release */,
			);
			defaultConfigurationIsVisible = 0;
			defaultConfigurationName = Release;
		};
/* End XCConfigurationList section */
	};
	rootObject = 1523CE0127833E7C00EC4260 /* Project object */;
}
